
Microsoft Visual Studio Solution File, Format Version 12.00
# Visual Studio 2013
VisualStudioVersion = 12.0.40629.0
MinimumVisualStudioVersion = 10.0.40219.1
Project("{FAE04EC0-301F-11D3-BF4B-00C04F79EFBC}") = "ChatRoomAsync_Server", "ChatRoomAsync_Server\ChatRoomAsync_Server.csproj", "{5DD47A5A-520A-4860-846B-1D532558A45A}"
EndProject
Project("{FAE04EC0-301F-11D3-BF4B-00C04F79EFBC}") = "ChatRoomAsync_Client", "ChatRoomAsync_Client\ChatRoomAsync_Client.csproj", "{21830294-0E15-4CEE-ADA4-10F7678781FD}"
EndProject
Global
	GlobalSection(SolutionConfigurationPlatforms) = preSolution
		Debug|Any CPU = Debug|Any CPU
		Release|Any CPU = Release|Any CPU
	EndGlobalSection
	GlobalSection(ProjectConfigurationPlatforms) = postSolution
		{5DD47A5A-520A-4860-846B-1D532558A45A}.Debug|Any CPU.ActiveCfg = Debug|Any CPU
		{5DD47A5A-520A-4860-846B-1D532558A45A}.Debug|Any CPU.Build.0 = Debug|Any CPU
		{5DD47A5A-520A-4860-846B-1D532558A45A}.Release|Any CPU.ActiveCfg = Release|Any CPU
		{5DD47A5A-520A-4860-846B-1D532558A45A}.Release|Any CPU.Build.0 = Release|Any CPU
		{21830294-0E15-4CEE-ADA4-10F7678781FD}.Debug|Any CPU.ActiveCfg = Debug|Any CPU
		{21830294-0E15-4CEE-ADA4-10F7678781FD}.Debug|Any CPU.Build.0 = Debug|Any CPU
		{21830294-0E15-4CEE-ADA4-10F7678781FD}.Release|Any CPU.ActiveCfg = Release|Any CPU
		{21830294-0E15-4CEE-ADA4-10F7678781FD}.Release|Any CPU.Build.0 = Release|Any CPU
	EndGlobalSection
	GlobalSection(SolutionProperties) = preSolution
		HideSolutionNode = FALSE
	EndGlobalSection
EndGlobal
